
Microsoft Visual Studio Solution File, Format Version 12.00
# Visual Studio Version 16
VisualStudioVersion = 16.0.32002.261
MinimumVisualStudioVersion = 10.0.40219.1
Project("{9A19103F-16F7-4668-BE54-9A1E7A4F7556}") = "GrRed", "GrRed.csproj", "{346F6856-42CE-4501-94F7-CB8E72DFB6CD}"
EndProject
Project("{8BC9CEB8-8B4A-11D0-8D11-00A0C91BC942}") = "TestNewProject", "..\TestNewProject\TestNewProject.vcxproj", "{FD92B518-27EC-4762-B2F4-B4B0CDA5C783}"
EndProject
Global
	GlobalSection(SolutionConfigurationPlatforms) = preSolution
		Debug|Any CPU = Debug|Any CPU
		Debug|x64 = Debug|x64
		Debug|x86 = Debug|x86
		Release|Any CPU = Release|Any CPU
		Release|x64 = Release|x64
		Release|x86 = Release|x86
	EndGlobalSection
	GlobalSection(ProjectConfigurationPlatforms) = postSolution
		{346F6856-42CE-4501-94F7-CB8E72DFB6CD}.Debug|Any CPU.ActiveCfg = Debug|Any CPU
		{346F6856-42CE-4501-94F7-CB8E72DFB6CD}.Debug|Any CPU.Build.0 = Debug|Any CPU
		{346F6856-42CE-4501-94F7-CB8E72DFB6CD}.Debug|x64.ActiveCfg = Debug|Any CPU
		{346F6856-42CE-4501-94F7-CB8E72DFB6CD}.Debug|x64.Build.0 = Debug|Any CPU
		{346F6856-42CE-4501-94F7-CB8E72DFB6CD}.Debug|x86.ActiveCfg = Debug|Any CPU
		{346F6856-42CE-4501-94F7-CB8E72DFB6CD}.Debug|x86.Build.0 = Debug|Any CPU
		{346F6856-42CE-4501-94F7-CB8E72DFB6CD}.Release|Any CPU.ActiveCfg = Release|Any CPU
		{346F6856-42CE-4501-94F7-CB8E72DFB6CD}.Release|Any CPU.Build.0 = Release|Any CPU
		{346F6856-42CE-4501-94F7-CB8E72DFB6CD}.Release|x64.ActiveCfg = Release|Any CPU
		{346F6856-42CE-4501-94F7-CB8E72DFB6CD}.Release|x64.Build.0 = Release|Any CPU
		{346F6856-42CE-4501-94F7-CB8E72DFB6CD}.Release|x86.ActiveCfg = Release|Any CPU
		{346F6856-42CE-4501-94F7-CB8E72DFB6CD}.Release|x86.Build.0 = Release|Any CPU
		{FD92B518-27EC-4762-B2F4-B4B0CDA5C783}.Debug|Any CPU.ActiveCfg = Debug|Win32
		{FD92B518-27EC-4762-B2F4-B4B0CDA5C783}.Debug|x64.ActiveCfg = Debug|x64
		{FD92B518-27EC-4762-B2F4-B4B0CDA5C783}.Debug|x64.Build.0 = Debug|x64
		{FD92B518-27EC-4762-B2F4-B4B0CDA5C783}.Debug|x86.ActiveCfg = Debug|Win32
		{FD92B518-27EC-4762-B2F4-B4B0CDA5C783}.Debug|x86.Build.0 = Debug|Win32
		{FD92B518-27EC-4762-B2F4-B4B0CDA5C783}.Release|Any CPU.ActiveCfg = Release|Win32
		{FD92B518-27EC-4762-B2F4-B4B0CDA5C783}.Release|x64.ActiveCfg = Release|x64
		{FD92B518-27EC-4762-B2F4-B4B0CDA5C783}.Release|x64.Build.0 = Release|x64
		{FD92B518-27EC-4762-B2F4-B4B0CDA5C783}.Release|x86.ActiveCfg = Release|Win32
		{FD92B518-27EC-4762-B2F4-B4B0CDA5C783}.Release|x86.Build.0 = Release|Win32
	EndGlobalSection
	GlobalSection(SolutionProperties) = preSolution
		HideSolutionNode = FALSE
	EndGlobalSection
	GlobalSection(ExtensibilityGlobals) = postSolution
		SolutionGuid = {F11BF30D-9FF6-48A7-8418-B3CC5D3EAAB7}
	EndGlobalSection
EndGlobal
