
Microsoft Visual Studio Solution File, Format Version 12.00
# Visual Studio Version 16
VisualStudioVersion = 16.0.32002.261
MinimumVisualStudioVersion = 10.0.40219.1
Project("{9A19103F-16F7-4668-BE54-9A1E7A4F7556}") = "GrRed", "GrRed.csproj", "{346F6856-42CE-4501-94F7-CB8E72DFB6CD}"
EndProject
Project("{9A19103F-16F7-4668-BE54-9A1E7A4F7556}") = "WpfLibrary3", "WpfLibrary3\WpfLibrary3.csproj", "{65CEECA5-2205-42B5-8A5A-4B9E979030DB}"
EndProject
Global
	GlobalSection(SolutionConfigurationPlatforms) = preSolution
		Debug|Any CPU = Debug|Any CPU
		Release|Any CPU = Release|Any CPU
	EndGlobalSection
	GlobalSection(ProjectConfigurationPlatforms) = postSolution
		{346F6856-42CE-4501-94F7-CB8E72DFB6CD}.Debug|Any CPU.ActiveCfg = Debug|Any CPU
		{346F6856-42CE-4501-94F7-CB8E72DFB6CD}.Debug|Any CPU.Build.0 = Debug|Any CPU
		{346F6856-42CE-4501-94F7-CB8E72DFB6CD}.Release|Any CPU.ActiveCfg = Release|Any CPU
		{346F6856-42CE-4501-94F7-CB8E72DFB6CD}.Release|Any CPU.Build.0 = Release|Any CPU
		{65CEECA5-2205-42B5-8A5A-4B9E979030DB}.Debug|Any CPU.ActiveCfg = Debug|Any CPU
		{65CEECA5-2205-42B5-8A5A-4B9E979030DB}.Debug|Any CPU.Build.0 = Debug|Any CPU
		{65CEECA5-2205-42B5-8A5A-4B9E979030DB}.Release|Any CPU.ActiveCfg = Release|Any CPU
		{65CEECA5-2205-42B5-8A5A-4B9E979030DB}.Release|Any CPU.Build.0 = Release|Any CPU
	EndGlobalSection
	GlobalSection(SolutionProperties) = preSolution
		HideSolutionNode = FALSE
	EndGlobalSection
	GlobalSection(ExtensibilityGlobals) = postSolution
		SolutionGuid = {F11BF30D-9FF6-48A7-8418-B3CC5D3EAAB7}
	EndGlobalSection
EndGlobal
